// !$*UTF8*$!
{
	archiveVersion = 1;
	classes = {
	};
	objectVersion = 46;
	objects = {

/* Begin PBXBuildFile section */
		9441B9B91D67E83A008584D5 /* AppDelegate.swift in Sources */ = {isa = PBXBuildFile; fileRef = 9441B9B81D67E83A008584D5 /* AppDelegate.swift */; };
		9441B9BB1D67E83A008584D5 /* ViewController.swift in Sources */ = {isa = PBXBuildFile; fileRef = 9441B9BA1D67E83A008584D5 /* ViewController.swift */; };
		9441B9C01D67E83A008584D5 /* Assets.xcassets in Resources */ = {isa = PBXBuildFile; fileRef = 9441B9BF1D67E83A008584D5 /* Assets.xcassets */; };
		9441B9C31D67E83A008584D5 /* LaunchScreen.storyboard in Resources */ = {isa = PBXBuildFile; fileRef = 9441B9C11D67E83A008584D5 /* LaunchScreen.storyboard */; };
		9441B9CE1D67E83A008584D5 /* exHenTaiTests.swift in Sources */ = {isa = PBXBuildFile; fileRef = 9441B9CD1D67E83A008584D5 /* exHenTaiTests.swift */; };
		9441B9D91D67E83A008584D5 /* exHenTaiUITests.swift in Sources */ = {isa = PBXBuildFile; fileRef = 9441B9D81D67E83A008584D5 /* exHenTaiUITests.swift */; };
		9441B9E71D67F3EA008584D5 /* MainViewController.swift in Sources */ = {isa = PBXBuildFile; fileRef = 9441B9E61D67F3EA008584D5 /* MainViewController.swift */; };
		9459DBC51D67F8D4008F3001 /* TFHpple.m in Sources */ = {isa = PBXBuildFile; fileRef = 9459DBC01D67F8D4008F3001 /* TFHpple.m */; };
		9459DBC61D67F8D4008F3001 /* TFHppleElement.m in Sources */ = {isa = PBXBuildFile; fileRef = 9459DBC21D67F8D4008F3001 /* TFHppleElement.m */; };
		9459DBC71D67F8D4008F3001 /* XPathQuery.m in Sources */ = {isa = PBXBuildFile; fileRef = 9459DBC41D67F8D4008F3001 /* XPathQuery.m */; };
		9459DBC91D67F9C7008F3001 /* libxml2.tbd in Frameworks */ = {isa = PBXBuildFile; fileRef = 9459DBC81D67F9C7008F3001 /* libxml2.tbd */; };
		9459DBCB1D680729008F3001 /* Utils.swift in Sources */ = {isa = PBXBuildFile; fileRef = 9459DBCA1D680729008F3001 /* Utils.swift */; };
/* End PBXBuildFile section */

/* Begin PBXContainerItemProxy section */
		9441B9CA1D67E83A008584D5 /* PBXContainerItemProxy */ = {
			isa = PBXContainerItemProxy;
			containerPortal = 9441B9AD1D67E83A008584D5 /* Project object */;
			proxyType = 1;
			remoteGlobalIDString = 9441B9B41D67E83A008584D5;
			remoteInfo = exHenTai;
		};
		9441B9D51D67E83A008584D5 /* PBXContainerItemProxy */ = {
			isa = PBXContainerItemProxy;
			containerPortal = 9441B9AD1D67E83A008584D5 /* Project object */;
			proxyType = 1;
			remoteGlobalIDString = 9441B9B41D67E83A008584D5;
			remoteInfo = exHenTai;
		};
/* End PBXContainerItemProxy section */

/* Begin PBXFileReference section */
		9441B9B51D67E83A008584D5 /* exHenTai.app */ = {isa = PBXFileReference; explicitFileType = wrapper.application; includeInIndex = 0; path = exHenTai.app; sourceTree = BUILT_PRODUCTS_DIR; };
		9441B9B81D67E83A008584D5 /* AppDelegate.swift */ = {isa = PBXFileReference; lastKnownFileType = sourcecode.swift; path = AppDelegate.swift; sourceTree = "<group>"; };
		9441B9BA1D67E83A008584D5 /* ViewController.swift */ = {isa = PBXFileReference; lastKnownFileType = sourcecode.swift; path = ViewController.swift; sourceTree = "<group>"; };
		9441B9BF1D67E83A008584D5 /* Assets.xcassets */ = {isa = PBXFileReference; lastKnownFileType = folder.assetcatalog; path = Assets.xcassets; sourceTree = "<group>"; };
		9441B9C21D67E83A008584D5 /* Base */ = {isa = PBXFileReference; lastKnownFileType = file.storyboard; name = Base; path = Base.lproj/LaunchScreen.storyboard; sourceTree = "<group>"; };
		9441B9C41D67E83A008584D5 /* Info.plist */ = {isa = PBXFileReference; lastKnownFileType = text.plist.xml; path = Info.plist; sourceTree = "<group>"; };
		9441B9C91D67E83A008584D5 /* exHenTaiTests.xctest */ = {isa = PBXFileReference; explicitFileType = wrapper.cfbundle; includeInIndex = 0; path = exHenTaiTests.xctest; sourceTree = BUILT_PRODUCTS_DIR; };
		9441B9CD1D67E83A008584D5 /* exHenTaiTests.swift */ = {isa = PBXFileReference; lastKnownFileType = sourcecode.swift; path = exHenTaiTests.swift; sourceTree = "<group>"; };
		9441B9CF1D67E83A008584D5 /* Info.plist */ = {isa = PBXFileReference; lastKnownFileType = text.plist.xml; path = Info.plist; sourceTree = "<group>"; };
		9441B9D41D67E83A008584D5 /* exHenTaiUITests.xctest */ = {isa = PBXFileReference; explicitFileType = wrapper.cfbundle; includeInIndex = 0; path = exHenTaiUITests.xctest; sourceTree = BUILT_PRODUCTS_DIR; };
		9441B9D81D67E83A008584D5 /* exHenTaiUITests.swift */ = {isa = PBXFileReference; lastKnownFileType = sourcecode.swift; path = exHenTaiUITests.swift; sourceTree = "<group>"; };
		9441B9DA1D67E83A008584D5 /* Info.plist */ = {isa = PBXFileReference; lastKnownFileType = text.plist.xml; path = Info.plist; sourceTree = "<group>"; };
		9441B9E61D67F3EA008584D5 /* MainViewController.swift */ = {isa = PBXFileReference; fileEncoding = 4; lastKnownFileType = sourcecode.swift; path = MainViewController.swift; sourceTree = "<group>"; };
		9459DBBE1D67F8D3008F3001 /* exHenTai-Bridging-Header.h */ = {isa = PBXFileReference; lastKnownFileType = sourcecode.c.h; path = "exHenTai-Bridging-Header.h"; sourceTree = "<group>"; };
		9459DBBF1D67F8D4008F3001 /* TFHpple.h */ = {isa = PBXFileReference; fileEncoding = 4; lastKnownFileType = sourcecode.c.h; path = TFHpple.h; sourceTree = "<group>"; };
		9459DBC01D67F8D4008F3001 /* TFHpple.m */ = {isa = PBXFileReference; fileEncoding = 4; lastKnownFileType = sourcecode.c.objc; path = TFHpple.m; sourceTree = "<group>"; };
		9459DBC11D67F8D4008F3001 /* TFHppleElement.h */ = {isa = PBXFileReference; fileEncoding = 4; lastKnownFileType = sourcecode.c.h; path = TFHppleElement.h; sourceTree = "<group>"; };
		9459DBC21D67F8D4008F3001 /* TFHppleElement.m */ = {isa = PBXFileReference; fileEncoding = 4; lastKnownFileType = sourcecode.c.objc; path = TFHppleElement.m; sourceTree = "<group>"; };
		9459DBC31D67F8D4008F3001 /* XPathQuery.h */ = {isa = PBXFileReference; fileEncoding = 4; lastKnownFileType = sourcecode.c.h; path = XPathQuery.h; sourceTree = "<group>"; };
		9459DBC41D67F8D4008F3001 /* XPathQuery.m */ = {isa = PBXFileReference; fileEncoding = 4; lastKnownFileType = sourcecode.c.objc; path = XPathQuery.m; sourceTree = "<group>"; };
		9459DBC81D67F9C7008F3001 /* libxml2.tbd */ = {isa = PBXFileReference; lastKnownFileType = "sourcecode.text-based-dylib-definition"; name = libxml2.tbd; path = usr/lib/libxml2.tbd; sourceTree = SDKROOT; };
		9459DBCA1D680729008F3001 /* Utils.swift */ = {isa = PBXFileReference; fileEncoding = 4; lastKnownFileType = sourcecode.swift; path = Utils.swift; sourceTree = "<group>"; };
/* End PBXFileReference section */

/* Begin PBXFrameworksBuildPhase section */
		9441B9B21D67E83A008584D5 /* Frameworks */ = {
			isa = PBXFrameworksBuildPhase;
			buildActionMask = 2147483647;
			files = (
				9459DBC91D67F9C7008F3001 /* libxml2.tbd in Frameworks */,
			);
			runOnlyForDeploymentPostprocessing = 0;
		};
		9441B9C61D67E83A008584D5 /* Frameworks */ = {
			isa = PBXFrameworksBuildPhase;
			buildActionMask = 2147483647;
			files = (
			);
			runOnlyForDeploymentPostprocessing = 0;
		};
		9441B9D11D67E83A008584D5 /* Frameworks */ = {
			isa = PBXFrameworksBuildPhase;
			buildActionMask = 2147483647;
			files = (
			);
			runOnlyForDeploymentPostprocessing = 0;
		};
/* End PBXFrameworksBuildPhase section */

/* Begin PBXGroup section */
		9441B9AC1D67E83A008584D5 = {
			isa = PBXGroup;
			children = (
				9459DBC81D67F9C7008F3001 /* libxml2.tbd */,
				9441B9B71D67E83A008584D5 /* exHenTai */,
				9441B9CC1D67E83A008584D5 /* exHenTaiTests */,
				9441B9D71D67E83A008584D5 /* exHenTaiUITests */,
				9441B9B61D67E83A008584D5 /* Products */,
			);
			sourceTree = "<group>";
		};
		9441B9B61D67E83A008584D5 /* Products */ = {
			isa = PBXGroup;
			children = (
				9441B9B51D67E83A008584D5 /* exHenTai.app */,
				9441B9C91D67E83A008584D5 /* exHenTaiTests.xctest */,
				9441B9D41D67E83A008584D5 /* exHenTaiUITests.xctest */,
			);
			name = Products;
			sourceTree = "<group>";
		};
		9441B9B71D67E83A008584D5 /* exHenTai */ = {
			isa = PBXGroup;
			children = (
				9459DBBD1D67F8BE008F3001 /* TFHpple */,
				9441B9B81D67E83A008584D5 /* AppDelegate.swift */,
				9459DBCA1D680729008F3001 /* Utils.swift */,
				9441B9E61D67F3EA008584D5 /* MainViewController.swift */,
				9441B9BA1D67E83A008584D5 /* ViewController.swift */,
				9441B9BF1D67E83A008584D5 /* Assets.xcassets */,
				9441B9C11D67E83A008584D5 /* LaunchScreen.storyboard */,
				9441B9C41D67E83A008584D5 /* Info.plist */,
			);
			path = exHenTai;
			sourceTree = "<group>";
		};
		9441B9CC1D67E83A008584D5 /* exHenTaiTests */ = {
			isa = PBXGroup;
			children = (
				9441B9CD1D67E83A008584D5 /* exHenTaiTests.swift */,
				9441B9CF1D67E83A008584D5 /* Info.plist */,
			);
			path = exHenTaiTests;
			sourceTree = "<group>";
		};
		9441B9D71D67E83A008584D5 /* exHenTaiUITests */ = {
			isa = PBXGroup;
			children = (
				9441B9D81D67E83A008584D5 /* exHenTaiUITests.swift */,
				9441B9DA1D67E83A008584D5 /* Info.plist */,
			);
			path = exHenTaiUITests;
			sourceTree = "<group>";
		};
		9459DBBD1D67F8BE008F3001 /* TFHpple */ = {
			isa = PBXGroup;
			children = (
				9459DBBF1D67F8D4008F3001 /* TFHpple.h */,
				9459DBC01D67F8D4008F3001 /* TFHpple.m */,
				9459DBC11D67F8D4008F3001 /* TFHppleElement.h */,
				9459DBC21D67F8D4008F3001 /* TFHppleElement.m */,
				9459DBC31D67F8D4008F3001 /* XPathQuery.h */,
				9459DBC41D67F8D4008F3001 /* XPathQuery.m */,
				9459DBBE1D67F8D3008F3001 /* exHenTai-Bridging-Header.h */,
			);
			name = TFHpple;
			sourceTree = "<group>";
		};
/* End PBXGroup section */

/* Begin PBXNativeTarget section */
		9441B9B41D67E83A008584D5 /* exHenTai */ = {
			isa = PBXNativeTarget;
			buildConfigurationList = 9441B9DD1D67E83A008584D5 /* Build configuration list for PBXNativeTarget "exHenTai" */;
			buildPhases = (
				9441B9B11D67E83A008584D5 /* Sources */,
				9441B9B21D67E83A008584D5 /* Frameworks */,
				9441B9B31D67E83A008584D5 /* Resources */,
			);
			buildRules = (
			);
			dependencies = (
			);
			name = exHenTai;
			productName = exHenTai;
			productReference = 9441B9B51D67E83A008584D5 /* exHenTai.app */;
			productType = "com.apple.product-type.application";
		};
		9441B9C81D67E83A008584D5 /* exHenTaiTests */ = {
			isa = PBXNativeTarget;
			buildConfigurationList = 9441B9E01D67E83A008584D5 /* Build configuration list for PBXNativeTarget "exHenTaiTests" */;
			buildPhases = (
				9441B9C51D67E83A008584D5 /* Sources */,
				9441B9C61D67E83A008584D5 /* Frameworks */,
				9441B9C71D67E83A008584D5 /* Resources */,
			);
			buildRules = (
			);
			dependencies = (
				9441B9CB1D67E83A008584D5 /* PBXTargetDependency */,
			);
			name = exHenTaiTests;
			productName = exHenTaiTests;
			productReference = 9441B9C91D67E83A008584D5 /* exHenTaiTests.xctest */;
			productType = "com.apple.product-type.bundle.unit-test";
		};
		9441B9D31D67E83A008584D5 /* exHenTaiUITests */ = {
			isa = PBXNativeTarget;
			buildConfigurationList = 9441B9E31D67E83A008584D5 /* Build configuration list for PBXNativeTarget "exHenTaiUITests" */;
			buildPhases = (
				9441B9D01D67E83A008584D5 /* Sources */,
				9441B9D11D67E83A008584D5 /* Frameworks */,
				9441B9D21D67E83A008584D5 /* Resources */,
			);
			buildRules = (
			);
			dependencies = (
				9441B9D61D67E83A008584D5 /* PBXTargetDependency */,
			);
			name = exHenTaiUITests;
			productName = exHenTaiUITests;
			productReference = 9441B9D41D67E83A008584D5 /* exHenTaiUITests.xctest */;
			productType = "com.apple.product-type.bundle.ui-testing";
		};
/* End PBXNativeTarget section */

/* Begin PBXProject section */
		9441B9AD1D67E83A008584D5 /* Project object */ = {
			isa = PBXProject;
			attributes = {
				LastSwiftUpdateCheck = 0730;
				LastUpgradeCheck = 0730;
				ORGANIZATIONNAME = Liebrom;
				TargetAttributes = {
					9441B9B41D67E83A008584D5 = {
						CreatedOnToolsVersion = 7.3.1;
					};
					9441B9C81D67E83A008584D5 = {
						CreatedOnToolsVersion = 7.3.1;
						TestTargetID = 9441B9B41D67E83A008584D5;
					};
					9441B9D31D67E83A008584D5 = {
						CreatedOnToolsVersion = 7.3.1;
						TestTargetID = 9441B9B41D67E83A008584D5;
					};
				};
			};
			buildConfigurationList = 9441B9B01D67E83A008584D5 /* Build configuration list for PBXProject "exHenTai" */;
			compatibilityVersion = "Xcode 3.2";
			developmentRegion = English;
			hasScannedForEncodings = 0;
			knownRegions = (
				en,
				Base,
			);
			mainGroup = 9441B9AC1D67E83A008584D5;
			productRefGroup = 9441B9B61D67E83A008584D5 /* Products */;
			projectDirPath = "";
			projectRoot = "";
			targets = (
				9441B9B41D67E83A008584D5 /* exHenTai */,
				9441B9C81D67E83A008584D5 /* exHenTaiTests */,
				9441B9D31D67E83A008584D5 /* exHenTaiUITests */,
			);
		};
/* End PBXProject section */

/* Begin PBXResourcesBuildPhase section */
		9441B9B31D67E83A008584D5 /* Resources */ = {
			isa = PBXResourcesBuildPhase;
			buildActionMask = 2147483647;
			files = (
				9441B9C31D67E83A008584D5 /* LaunchScreen.storyboard in Resources */,
				9441B9C01D67E83A008584D5 /* Assets.xcassets in Resources */,
			);
			runOnlyForDeploymentPostprocessing = 0;
		};
		9441B9C71D67E83A008584D5 /* Resources */ = {
			isa = PBXResourcesBuildPhase;
			buildActionMask = 2147483647;
			files = (
			);
			runOnlyForDeploymentPostprocessing = 0;
		};
		9441B9D21D67E83A008584D5 /* Resources */ = {
			isa = PBXResourcesBuildPhase;
			buildActionMask = 2147483647;
			files = (
			);
			runOnlyForDeploymentPostprocessing = 0;
		};
/* End PBXResourcesBuildPhase section */

/* Begin PBXSourcesBuildPhase section */
		9441B9B11D67E83A008584D5 /* Sources */ = {
			isa = PBXSourcesBuildPhase;
			buildActionMask = 2147483647;
			files = (
				9441B9E71D67F3EA008584D5 /* MainViewController.swift in Sources */,
				9441B9BB1D67E83A008584D5 /* ViewController.swift in Sources */,
				9441B9B91D67E83A008584D5 /* AppDelegate.swift in Sources */,
				9459DBCB1D680729008F3001 /* Utils.swift in Sources */,
				9459DBC51D67F8D4008F3001 /* TFHpple.m in Sources */,
				9459DBC71D67F8D4008F3001 /* XPathQuery.m in Sources */,
				9459DBC61D67F8D4008F3001 /* TFHppleElement.m in Sources */,
			);
			runOnlyForDeploymentPostprocessing = 0;
		};
		9441B9C51D67E83A008584D5 /* Sources */ = {
			isa = PBXSourcesBuildPhase;
			buildActionMask = 2147483647;
			files = (
				9441B9CE1D67E83A008584D5 /* exHenTaiTests.swift in Sources */,
			);
			runOnlyForDeploymentPostprocessing = 0;
		};
		9441B9D01D67E83A008584D5 /* Sources */ = {
			isa = PBXSourcesBuildPhase;
			buildActionMask = 2147483647;
			files = (
				9441B9D91D67E83A008584D5 /* exHenTaiUITests.swift in Sources */,
			);
			runOnlyForDeploymentPostprocessing = 0;
		};
/* End PBXSourcesBuildPhase section */

/* Begin PBXTargetDependency section */
		9441B9CB1D67E83A008584D5 /* PBXTargetDependency */ = {
			isa = PBXTargetDependency;
			target = 9441B9B41D67E83A008584D5 /* exHenTai */;
			targetProxy = 9441B9CA1D67E83A008584D5 /* PBXContainerItemProxy */;
		};
		9441B9D61D67E83A008584D5 /* PBXTargetDependency */ = {
			isa = PBXTargetDependency;
			target = 9441B9B41D67E83A008584D5 /* exHenTai */;
			targetProxy = 9441B9D51D67E83A008584D5 /* PBXContainerItemProxy */;
		};
/* End PBXTargetDependency section */

/* Begin PBXVariantGroup section */
		9441B9C11D67E83A008584D5 /* LaunchScreen.storyboard */ = {
			isa = PBXVariantGroup;
			children = (
				9441B9C21D67E83A008584D5 /* Base */,
			);
			name = LaunchScreen.storyboard;
			sourceTree = "<group>";
		};
/* End PBXVariantGroup section */

/* Begin XCBuildConfiguration section */
		9441B9DB1D67E83A008584D5 /* Debug */ = {
			isa = XCBuildConfiguration;
			buildSettings = {
				ALWAYS_SEARCH_USER_PATHS = NO;
				CLANG_ANALYZER_NONNULL = YES;
				CLANG_CXX_LANGUAGE_STANDARD = "gnu++0x";
				CLANG_CXX_LIBRARY = "libc++";
				CLANG_ENABLE_MODULES = YES;
				CLANG_ENABLE_OBJC_ARC = YES;
				CLANG_WARN_BOOL_CONVERSION = YES;
				CLANG_WARN_CONSTANT_CONVERSION = YES;
				CLANG_WARN_DIRECT_OBJC_ISA_USAGE = YES_ERROR;
				CLANG_WARN_EMPTY_BODY = YES;
				CLANG_WARN_ENUM_CONVERSION = YES;
				CLANG_WARN_INT_CONVERSION = YES;
				CLANG_WARN_OBJC_ROOT_CLASS = YES_ERROR;
				CLANG_WARN_UNREACHABLE_CODE = YES;
				CLANG_WARN__DUPLICATE_METHOD_MATCH = YES;
				"CODE_SIGN_IDENTITY[sdk=iphoneos*]" = "iPhone Developer";
				COPY_PHASE_STRIP = NO;
				DEBUG_INFORMATION_FORMAT = dwarf;
				ENABLE_STRICT_OBJC_MSGSEND = YES;
				ENABLE_TESTABILITY = YES;
				GCC_C_LANGUAGE_STANDARD = gnu99;
				GCC_DYNAMIC_NO_PIC = NO;
				GCC_NO_COMMON_BLOCKS = YES;
				GCC_OPTIMIZATION_LEVEL = 0;
				GCC_PREPROCESSOR_DEFINITIONS = (
					"DEBUG=1",
					"$(inherited)",
				);
				GCC_WARN_64_TO_32_BIT_CONVERSION = YES;
				GCC_WARN_ABOUT_RETURN_TYPE = YES_ERROR;
				GCC_WARN_UNDECLARED_SELECTOR = YES;
				GCC_WARN_UNINITIALIZED_AUTOS = YES_AGGRESSIVE;
				GCC_WARN_UNUSED_FUNCTION = YES;
				GCC_WARN_UNUSED_VARIABLE = YES;
				IPHONEOS_DEPLOYMENT_TARGET = 9.3;
				MTL_ENABLE_DEBUG_INFO = YES;
				ONLY_ACTIVE_ARCH = YES;
				SDKROOT = iphoneos;
				SWIFT_OPTIMIZATION_LEVEL = "-Onone";
				TARGETED_DEVICE_FAMILY = "1,2";
			};
			name = Debug;
		};
		9441B9DC1D67E83A008584D5 /* Release */ = {
			isa = XCBuildConfiguration;
			buildSettings = {
				ALWAYS_SEARCH_USER_PATHS = NO;
				CLANG_ANALYZER_NONNULL = YES;
				CLANG_CXX_LANGUAGE_STANDARD = "gnu++0x";
				CLANG_CXX_LIBRARY = "libc++";
				CLANG_ENABLE_MODULES = YES;
				CLANG_ENABLE_OBJC_ARC = YES;
				CLANG_WARN_BOOL_CONVERSION = YES;
				CLANG_WARN_CONSTANT_CONVERSION = YES;
				CLANG_WARN_DIRECT_OBJC_ISA_USAGE = YES_ERROR;
				CLANG_WARN_EMPTY_BODY = YES;
				CLANG_WARN_ENUM_CONVERSION = YES;
				CLANG_WARN_INT_CONVERSION = YES;
				CLANG_WARN_OBJC_ROOT_CLASS = YES_ERROR;
				CLANG_WARN_UNREACHABLE_CODE = YES;
				CLANG_WARN__DUPLICATE_METHOD_MATCH = YES;
				"CODE_SIGN_IDENTITY[sdk=iphoneos*]" = "iPhone Developer";
				COPY_PHASE_STRIP = NO;
				DEBUG_INFORMATION_FORMAT = "dwarf-with-dsym";
				ENABLE_NS_ASSERTIONS = NO;
				ENABLE_STRICT_OBJC_MSGSEND = YES;
				GCC_C_LANGUAGE_STANDARD = gnu99;
				GCC_NO_COMMON_BLOCKS = YES;
				GCC_WARN_64_TO_32_BIT_CONVERSION = YES;
				GCC_WARN_ABOUT_RETURN_TYPE = YES_ERROR;
				GCC_WARN_UNDECLARED_SELECTOR = YES;
				GCC_WARN_UNINITIALIZED_AUTOS = YES_AGGRESSIVE;
				GCC_WARN_UNUSED_FUNCTION = YES;
				GCC_WARN_UNUSED_VARIABLE = YES;
				IPHONEOS_DEPLOYMENT_TARGET = 9.3;
				MTL_ENABLE_DEBUG_INFO = NO;
				SDKROOT = iphoneos;
				TARGETED_DEVICE_FAMILY = "1,2";
				VALIDATE_PRODUCT = YES;
			};
			name = Release;
		};
		9441B9DE1D67E83A008584D5 /* Debug */ = {
			isa = XCBuildConfiguration;
			buildSettings = {
				ASSETCATALOG_COMPILER_APPICON_NAME = AppIcon;
				CLANG_ENABLE_MODULES = YES;
				HEADER_SEARCH_PATHS = "$(SDKROOT)/usr/include/libxml2";
				INFOPLIST_FILE = exHenTai/Info.plist;
				LD_RUNPATH_SEARCH_PATHS = "$(inherited) @executable_path/Frameworks";
				PRODUCT_BUNDLE_IDENTIFIER = me.liebrom.exHenTai;
				PRODUCT_NAME = "$(TARGET_NAME)";
				SWIFT_OBJC_BRIDGING_HEADER = "exHenTai/exHenTai-Bridging-Header.h";
				SWIFT_OPTIMIZATION_LEVEL = "-Onone";
			};
			name = Debug;
		};
		9441B9DF1D67E83A008584D5 /* Release */ = {
			isa = XCBuildConfiguration;
			buildSettings = {
				ASSETCATALOG_COMPILER_APPICON_NAME = AppIcon;
				CLANG_ENABLE_MODULES = YES;
				HEADER_SEARCH_PATHS = "$(SDKROOT)/usr/include/libxml2";
				INFOPLIST_FILE = exHenTai/Info.plist;
				LD_RUNPATH_SEARCH_PATHS = "$(inherited) @executable_path/Frameworks";
				PRODUCT_BUNDLE_IDENTIFIER = me.liebrom.exHenTai;
				PRODUCT_NAME = "$(TARGET_NAME)";
				SWIFT_OBJC_BRIDGING_HEADER = "exHenTai/exHenTai-Bridging-Header.h";
			};
			name = Release;
		};
		9441B9E11D67E83A008584D5 /* Debug */ = {
			isa = XCBuildConfiguration;
			buildSettings = {
				BUNDLE_LOADER = "$(TEST_HOST)";
				INFOPLIST_FILE = exHenTaiTests/Info.plist;
				LD_RUNPATH_SEARCH_PATHS = "$(inherited) @executable_path/Frameworks @loader_path/Frameworks";
				PRODUCT_BUNDLE_IDENTIFIER = me.liebrom.exHenTaiTests;
				PRODUCT_NAME = "$(TARGET_NAME)";
				TEST_HOST = "$(BUILT_PRODUCTS_DIR)/exHenTai.app/exHenTai";
			};
			name = Debug;
		};
		9441B9E21D67E83A008584D5 /* Release */ = {
			isa = XCBuildConfiguration;
			buildSettings = {
				BUNDLE_LOADER = "$(TEST_HOST)";
				INFOPLIST_FILE = exHenTaiTests/Info.plist;
				LD_RUNPATH_SEARCH_PATHS = "$(inherited) @executable_path/Frameworks @loader_path/Frameworks";
				PRODUCT_BUNDLE_IDENTIFIER = me.liebrom.exHenTaiTests;
				PRODUCT_NAME = "$(TARGET_NAME)";
				TEST_HOST = "$(BUILT_PRODUCTS_DIR)/exHenTai.app/exHenTai";
			};
			name = Release;
		};
		9441B9E41D67E83A008584D5 /* Debug */ = {
			isa = XCBuildConfiguration;
			buildSettings = {
				INFOPLIST_FILE = exHenTaiUITests/Info.plist;
				LD_RUNPATH_SEARCH_PATHS = "$(inherited) @executable_path/Frameworks @loader_path/Frameworks";
				PRODUCT_BUNDLE_IDENTIFIER = me.liebrom.exHenTaiUITests;
				PRODUCT_NAME = "$(TARGET_NAME)";
				TEST_TARGET_NAME = exHenTai;
			};
			name = Debug;
		};
		9441B9E51D67E83A008584D5 /* Release */ = {
			isa = XCBuildConfiguration;
			buildSettings = {
				INFOPLIST_FILE = exHenTaiUITests/Info.plist;
				LD_RUNPATH_SEARCH_PATHS = "$(inherited) @executable_path/Frameworks @loader_path/Frameworks";
				PRODUCT_BUNDLE_IDENTIFIER = me.liebrom.exHenTaiUITests;
				PRODUCT_NAME = "$(TARGET_NAME)";
				TEST_TARGET_NAME = exHenTai;
			};
			name = Release;
		};
/* End XCBuildConfiguration section */

/* Begin XCConfigurationList section */
		9441B9B01D67E83A008584D5 /* Build configuration list for PBXProject "exHenTai" */ = {
			isa = XCConfigurationList;
			buildConfigurations = (
				9441B9DB1D67E83A008584D5 /* Debug */,
				9441B9DC1D67E83A008584D5 /* Release */,
			);
			defaultConfigurationIsVisible = 0;
			defaultConfigurationName = Release;
		};
		9441B9DD1D67E83A008584D5 /* Build configuration list for PBXNativeTarget "exHenTai" */ = {
			isa = XCConfigurationList;
			buildConfigurations = (
				9441B9DE1D67E83A008584D5 /* Debug */,
				9441B9DF1D67E83A008584D5 /* Release */,
			);
			defaultConfigurationIsVisible = 0;
			defaultConfigurationName = Release;
		};
		9441B9E01D67E83A008584D5 /* Build configuration list for PBXNativeTarget "exHenTaiTests" */ = {
			isa = XCConfigurationList;
			buildConfigurations = (
				9441B9E11D67E83A008584D5 /* Debug */,
				9441B9E21D67E83A008584D5 /* Release */,
			);
			defaultConfigurationIsVisible = 0;
			defaultConfigurationName = Release;
		};
		9441B9E31D67E83A008584D5 /* Build configuration list for PBXNativeTarget "exHenTaiUITests" */ = {
			isa = XCConfigurationList;
			buildConfigurations = (
				9441B9E41D67E83A008584D5 /* Debug */,
				9441B9E51D67E83A008584D5 /* Release */,
			);
			defaultConfigurationIsVisible = 0;
			defaultConfigurationName = Release;
		};
/* End XCConfigurationList section */
	};
	rootObject = 9441B9AD1D67E83A008584D5 /* Project object */;
}
